// !$*UTF8*$!
{
	archiveVersion = 1;
	classes = {
	};
	objectVersion = 56;
	objects = {

/* Begin PBXBuildFile section */
		41B0FABE2BC5EB9200263C8B /* ImagesInCoreDataTutorialApp.swift in Sources */ = {isa = PBXBuildFile; fileRef = 41B0FABD2BC5EB9200263C8B /* ImagesInCoreDataTutorialApp.swift */; };
		41B0FAC02BC5EB9200263C8B /* ContentView.swift in Sources */ = {isa = PBXBuildFile; fileRef = 41B0FABF2BC5EB9200263C8B /* ContentView.swift */; };
		41B0FAC22BC5EB9400263C8B /* Assets.xcassets in Resources */ = {isa = PBXBuildFile; fileRef = 41B0FAC12BC5EB9400263C8B /* Assets.xcassets */; };
		41B0FAC52BC5EB9400263C8B /* Preview Assets.xcassets in Resources */ = {isa = PBXBuildFile; fileRef = 41B0FAC42BC5EB9400263C8B /* Preview Assets.xcassets */; };
		41B0FACD2BC608C200263C8B /* ImagesDataModel.xcdatamodeld in Sources */ = {isa = PBXBuildFile; fileRef = 41B0FACB2BC608C200263C8B /* ImagesDataModel.xcdatamodeld */; };
		41B0FAD02BC6091100263C8B /* MyImagesContainer.swift in Sources */ = {isa = PBXBuildFile; fileRef = 41B0FACF2BC6091100263C8B /* MyImagesContainer.swift */; };
		41B0FAD22BC609AA00263C8B /* MyImageExtension.swift in Sources */ = {isa = PBXBuildFile; fileRef = 41B0FAD12BC609AA00263C8B /* MyImageExtension.swift */; };
		41B0FAD42BC60AFA00263C8B /* MyImagesGridView.swift in Sources */ = {isa = PBXBuildFile; fileRef = 41B0FAD32BC60AFA00263C8B /* MyImagesGridView.swift */; };
		41B0FAD62BC60CFD00263C8B /* ImagePicker.swift in Sources */ = {isa = PBXBuildFile; fileRef = 41B0FAD52BC60CFD00263C8B /* ImagePicker.swift */; };
		41B0FAD92BC60EF200263C8B /* FormViewModel.swift in Sources */ = {isa = PBXBuildFile; fileRef = 41B0FAD82BC60EF200263C8B /* FormViewModel.swift */; };
		41B0FADB2BC612F300263C8B /* ImageFormView.swift in Sources */ = {isa = PBXBuildFile; fileRef = 41B0FADA2BC612F300263C8B /* ImageFormView.swift */; };
/* End PBXBuildFile section */

/* Begin PBXFileReference section */
		41B0FABA2BC5EB9200263C8B /* ImagesInCoreDataTutorial.app */ = {isa = PBXFileReference; explicitFileType = wrapper.application; includeInIndex = 0; path = ImagesInCoreDataTutorial.app; sourceTree = BUILT_PRODUCTS_DIR; };
		41B0FABD2BC5EB9200263C8B /* ImagesInCoreDataTutorialApp.swift */ = {isa = PBXFileReference; lastKnownFileType = sourcecode.swift; path = ImagesInCoreDataTutorialApp.swift; sourceTree = "<group>"; };
		41B0FABF2BC5EB9200263C8B /* ContentView.swift */ = {isa = PBXFileReference; lastKnownFileType = sourcecode.swift; path = ContentView.swift; sourceTree = "<group>"; };
		41B0FAC12BC5EB9400263C8B /* Assets.xcassets */ = {isa = PBXFileReference; lastKnownFileType = folder.assetcatalog; path = Assets.xcassets; sourceTree = "<group>"; };
		41B0FAC42BC5EB9400263C8B /* Preview Assets.xcassets */ = {isa = PBXFileReference; lastKnownFileType = folder.assetcatalog; path = "Preview Assets.xcassets"; sourceTree = "<group>"; };
		41B0FACC2BC608C200263C8B /* ImagesDataModel.xcdatamodel */ = {isa = PBXFileReference; lastKnownFileType = wrapper.xcdatamodel; path = ImagesDataModel.xcdatamodel; sourceTree = "<group>"; };
		41B0FACF2BC6091100263C8B /* MyImagesContainer.swift */ = {isa = PBXFileReference; lastKnownFileType = sourcecode.swift; path = MyImagesContainer.swift; sourceTree = "<group>"; };
		41B0FAD12BC609AA00263C8B /* MyImageExtension.swift */ = {isa = PBXFileReference; lastKnownFileType = sourcecode.swift; path = MyImageExtension.swift; sourceTree = "<group>"; };
		41B0FAD32BC60AFA00263C8B /* MyImagesGridView.swift */ = {isa = PBXFileReference; lastKnownFileType = sourcecode.swift; path = MyImagesGridView.swift; sourceTree = "<group>"; };
		41B0FAD52BC60CFD00263C8B /* ImagePicker.swift */ = {isa = PBXFileReference; lastKnownFileType = sourcecode.swift; path = ImagePicker.swift; sourceTree = "<group>"; };
		41B0FAD82BC60EF200263C8B /* FormViewModel.swift */ = {isa = PBXFileReference; lastKnownFileType = sourcecode.swift; path = FormViewModel.swift; sourceTree = "<group>"; };
		41B0FADA2BC612F300263C8B /* ImageFormView.swift */ = {isa = PBXFileReference; lastKnownFileType = sourcecode.swift; path = ImageFormView.swift; sourceTree = "<group>"; };
/* End PBXFileReference section */

/* Begin PBXFrameworksBuildPhase section */
		41B0FAB72BC5EB9200263C8B /* Frameworks */ = {
			isa = PBXFrameworksBuildPhase;
			buildActionMask = 2147483647;
			files = (
			);
			runOnlyForDeploymentPostprocessing = 0;
		};
/* End PBXFrameworksBuildPhase section */

/* Begin PBXGroup section */
		41B0FAB12BC5EB9200263C8B = {
			isa = PBXGroup;
			children = (
				41B0FABC2BC5EB9200263C8B /* ImagesInCoreDataTutorial */,
				41B0FABB2BC5EB9200263C8B /* Products */,
			);
			sourceTree = "<group>";
		};
		41B0FABB2BC5EB9200263C8B /* Products */ = {
			isa = PBXGroup;
			children = (
				41B0FABA2BC5EB9200263C8B /* ImagesInCoreDataTutorial.app */,
			);
			name = Products;
			sourceTree = "<group>";
		};
		41B0FABC2BC5EB9200263C8B /* ImagesInCoreDataTutorial */ = {
			isa = PBXGroup;
			children = (
				41B0FABD2BC5EB9200263C8B /* ImagesInCoreDataTutorialApp.swift */,
				41B0FABF2BC5EB9200263C8B /* ContentView.swift */,
				41B0FAD52BC60CFD00263C8B /* ImagePicker.swift */,
				41B0FAD32BC60AFA00263C8B /* MyImagesGridView.swift */,
				41B0FAD72BC60EE100263C8B /* Form */,
				41B0FAC12BC5EB9400263C8B /* Assets.xcassets */,
				41B0FACE2BC608C700263C8B /* CoreData */,
				41B0FAC32BC5EB9400263C8B /* Preview Content */,
			);
			path = ImagesInCoreDataTutorial;
			sourceTree = "<group>";
		};
		41B0FAC32BC5EB9400263C8B /* Preview Content */ = {
			isa = PBXGroup;
			children = (
				41B0FAC42BC5EB9400263C8B /* Preview Assets.xcassets */,
			);
			path = "Preview Content";
			sourceTree = "<group>";
		};
		41B0FACE2BC608C700263C8B /* CoreData */ = {
			isa = PBXGroup;
			children = (
				41B0FACB2BC608C200263C8B /* ImagesDataModel.xcdatamodeld */,
				41B0FACF2BC6091100263C8B /* MyImagesContainer.swift */,
				41B0FAD12BC609AA00263C8B /* MyImageExtension.swift */,
			);
			path = CoreData;
			sourceTree = "<group>";
		};
		41B0FAD72BC60EE100263C8B /* Form */ = {
			isa = PBXGroup;
			children = (
				41B0FAD82BC60EF200263C8B /* FormViewModel.swift */,
				41B0FADA2BC612F300263C8B /* ImageFormView.swift */,
			);
			path = Form;
			sourceTree = "<group>";
		};
/* End PBXGroup section */

/* Begin PBXNativeTarget section */
		41B0FAB92BC5EB9200263C8B /* ImagesInCoreDataTutorial */ = {
			isa = PBXNativeTarget;
			buildConfigurationList = 41B0FAC82BC5EB9400263C8B /* Build configuration list for PBXNativeTarget "ImagesInCoreDataTutorial" */;
			buildPhases = (
				41B0FAB62BC5EB9200263C8B /* Sources */,
				41B0FAB72BC5EB9200263C8B /* Frameworks */,
				41B0FAB82BC5EB9200263C8B /* Resources */,
			);
			buildRules = (
			);
			dependencies = (
			);
			name = ImagesInCoreDataTutorial;
			productName = ImagesInCoreDataTutorial;
			productReference = 41B0FABA2BC5EB9200263C8B /* ImagesInCoreDataTutorial.app */;
			productType = "com.apple.product-type.application";
		};
/* End PBXNativeTarget section */

/* Begin PBXProject section */
		41B0FAB22BC5EB9200263C8B /* Project object */ = {
			isa = PBXProject;
			attributes = {
				BuildIndependentTargetsInParallel = 1;
				LastSwiftUpdateCheck = 1530;
				LastUpgradeCheck = 1530;
				TargetAttributes = {
					41B0FAB92BC5EB9200263C8B = {
						CreatedOnToolsVersion = 15.3;
					};
				};
			};
			buildConfigurationList = 41B0FAB52BC5EB9200263C8B /* Build configuration list for PBXProject "ImagesInCoreDataTutorial" */;
			compatibilityVersion = "Xcode 14.0";
			developmentRegion = en;
			hasScannedForEncodings = 0;
			knownRegions = (
				en,
				Base,
			);
			mainGroup = 41B0FAB12BC5EB9200263C8B;
			productRefGroup = 41B0FABB2BC5EB9200263C8B /* Products */;
			projectDirPath = "";
			projectRoot = "";
			targets = (
				41B0FAB92BC5EB9200263C8B /* ImagesInCoreDataTutorial */,
			);
		};
/* End PBXProject section */

/* Begin PBXResourcesBuildPhase section */
		41B0FAB82BC5EB9200263C8B /* Resources */ = {
			isa = PBXResourcesBuildPhase;
			buildActionMask = 2147483647;
			files = (
				41B0FAC52BC5EB9400263C8B /* Preview Assets.xcassets in Resources */,
				41B0FAC22BC5EB9400263C8B /* Assets.xcassets in Resources */,
			);
			runOnlyForDeploymentPostprocessing = 0;
		};
/* End PBXResourcesBuildPhase section */

/* Begin PBXSourcesBuildPhase section */
		41B0FAB62BC5EB9200263C8B /* Sources */ = {
			isa = PBXSourcesBuildPhase;
			buildActionMask = 2147483647;
			files = (
				41B0FADB2BC612F300263C8B /* ImageFormView.swift in Sources */,
				41B0FAD42BC60AFA00263C8B /* MyImagesGridView.swift in Sources */,
				41B0FAC02BC5EB9200263C8B /* ContentView.swift in Sources */,
				41B0FAD02BC6091100263C8B /* MyImagesContainer.swift in Sources */,
				41B0FAD62BC60CFD00263C8B /* ImagePicker.swift in Sources */,
				41B0FAD22BC609AA00263C8B /* MyImageExtension.swift in Sources */,
				41B0FABE2BC5EB9200263C8B /* ImagesInCoreDataTutorialApp.swift in Sources */,
				41B0FAD92BC60EF200263C8B /* FormViewModel.swift in Sources */,
				41B0FACD2BC608C200263C8B /* ImagesDataModel.xcdatamodeld in Sources */,
			);
			runOnlyForDeploymentPostprocessing = 0;
		};
/* End PBXSourcesBuildPhase section */

/* Begin XCBuildConfiguration section */
		41B0FAC62BC5EB9400263C8B /* Debug */ = {
			isa = XCBuildConfiguration;
			buildSettings = {
				ALWAYS_SEARCH_USER_PATHS = NO;
				ASSETCATALOG_COMPILER_GENERATE_SWIFT_ASSET_SYMBOL_EXTENSIONS = YES;
				CLANG_ANALYZER_NONNULL = YES;
				CLANG_ANALYZER_NUMBER_OBJECT_CONVERSION = YES_AGGRESSIVE;
				CLANG_CXX_LANGUAGE_STANDARD = "gnu++20";
				CLANG_ENABLE_MODULES = YES;
				CLANG_ENABLE_OBJC_ARC = YES;
				CLANG_ENABLE_OBJC_WEAK = YES;
				CLANG_WARN_BLOCK_CAPTURE_AUTORELEASING = YES;
				CLANG_WARN_BOOL_CONVERSION = YES;
				CLANG_WARN_COMMA = YES;
				CLANG_WARN_CONSTANT_CONVERSION = YES;
				CLANG_WARN_DEPRECATED_OBJC_IMPLEMENTATIONS = YES;
				CLANG_WARN_DIRECT_OBJC_ISA_USAGE = YES_ERROR;
				CLANG_WARN_DOCUMENTATION_COMMENTS = YES;
				CLANG_WARN_EMPTY_BODY = YES;
				CLANG_WARN_ENUM_CONVERSION = YES;
				CLANG_WARN_INFINITE_RECURSION = YES;
				CLANG_WARN_INT_CONVERSION = YES;
				CLANG_WARN_NON_LITERAL_NULL_CONVERSION = YES;
				CLANG_WARN_OBJC_IMPLICIT_RETAIN_SELF = YES;
				CLANG_WARN_OBJC_LITERAL_CONVERSION = YES;
				CLANG_WARN_OBJC_ROOT_CLASS = YES_ERROR;
				CLANG_WARN_QUOTED_INCLUDE_IN_FRAMEWORK_HEADER = YES;
				CLANG_WARN_RANGE_LOOP_ANALYSIS = YES;
				CLANG_WARN_STRICT_PROTOTYPES = YES;
				CLANG_WARN_SUSPICIOUS_MOVE = YES;
				CLANG_WARN_UNGUARDED_AVAILABILITY = YES_AGGRESSIVE;
				CLANG_WARN_UNREACHABLE_CODE = YES;
				CLANG_WARN__DUPLICATE_METHOD_MATCH = YES;
				COPY_PHASE_STRIP = NO;
				DEBUG_INFORMATION_FORMAT = dwarf;
				ENABLE_STRICT_OBJC_MSGSEND = YES;
				ENABLE_TESTABILITY = YES;
				ENABLE_USER_SCRIPT_SANDBOXING = YES;
				GCC_C_LANGUAGE_STANDARD = gnu17;
				GCC_DYNAMIC_NO_PIC = NO;
				GCC_NO_COMMON_BLOCKS = YES;
				GCC_OPTIMIZATION_LEVEL = 0;
				GCC_PREPROCESSOR_DEFINITIONS = (
					"DEBUG=1",
					"$(inherited)",
				);
				GCC_WARN_64_TO_32_BIT_CONVERSION = YES;
				GCC_WARN_ABOUT_RETURN_TYPE = YES_ERROR;
				GCC_WARN_UNDECLARED_SELECTOR = YES;
				GCC_WARN_UNINITIALIZED_AUTOS = YES_AGGRESSIVE;
				GCC_WARN_UNUSED_FUNCTION = YES;
				GCC_WARN_UNUSED_VARIABLE = YES;
				IPHONEOS_DEPLOYMENT_TARGET = 17.4;
				LOCALIZATION_PREFERS_STRING_CATALOGS = YES;
				MTL_ENABLE_DEBUG_INFO = INCLUDE_SOURCE;
				MTL_FAST_MATH = YES;
				ONLY_ACTIVE_ARCH = YES;
				SDKROOT = iphoneos;
				SWIFT_ACTIVE_COMPILATION_CONDITIONS = "DEBUG $(inherited)";
				SWIFT_OPTIMIZATION_LEVEL = "-Onone";
			};
			name = Debug;
		};
		41B0FAC72BC5EB9400263C8B /* Release */ = {
			isa = XCBuildConfiguration;
			buildSettings = {
				ALWAYS_SEARCH_USER_PATHS = NO;
				ASSETCATALOG_COMPILER_GENERATE_SWIFT_ASSET_SYMBOL_EXTENSIONS = YES;
				CLANG_ANALYZER_NONNULL = YES;
				CLANG_ANALYZER_NUMBER_OBJECT_CONVERSION = YES_AGGRESSIVE;
				CLANG_CXX_LANGUAGE_STANDARD = "gnu++20";
				CLANG_ENABLE_MODULES = YES;
				CLANG_ENABLE_OBJC_ARC = YES;
				CLANG_ENABLE_OBJC_WEAK = YES;
				CLANG_WARN_BLOCK_CAPTURE_AUTORELEASING = YES;
				CLANG_WARN_BOOL_CONVERSION = YES;
				CLANG_WARN_COMMA = YES;
				CLANG_WARN_CONSTANT_CONVERSION = YES;
				CLANG_WARN_DEPRECATED_OBJC_IMPLEMENTATIONS = YES;
				CLANG_WARN_DIRECT_OBJC_ISA_USAGE = YES_ERROR;
				CLANG_WARN_DOCUMENTATION_COMMENTS = YES;
				CLANG_WARN_EMPTY_BODY = YES;
				CLANG_WARN_ENUM_CONVERSION = YES;
				CLANG_WARN_INFINITE_RECURSION = YES;
				CLANG_WARN_INT_CONVERSION = YES;
				CLANG_WARN_NON_LITERAL_NULL_CONVERSION = YES;
				CLANG_WARN_OBJC_IMPLICIT_RETAIN_SELF = YES;
				CLANG_WARN_OBJC_LITERAL_CONVERSION = YES;
				CLANG_WARN_OBJC_ROOT_CLASS = YES_ERROR;
				CLANG_WARN_QUOTED_INCLUDE_IN_FRAMEWORK_HEADER = YES;
				CLANG_WARN_RANGE_LOOP_ANALYSIS = YES;
				CLANG_WARN_STRICT_PROTOTYPES = YES;
				CLANG_WARN_SUSPICIOUS_MOVE = YES;
				CLANG_WARN_UNGUARDED_AVAILABILITY = YES_AGGRESSIVE;
				CLANG_WARN_UNREACHABLE_CODE = YES;
				CLANG_WARN__DUPLICATE_METHOD_MATCH = YES;
				COPY_PHASE_STRIP = NO;
				DEBUG_INFORMATION_FORMAT = "dwarf-with-dsym";
				ENABLE_NS_ASSERTIONS = NO;
				ENABLE_STRICT_OBJC_MSGSEND = YES;
				ENABLE_USER_SCRIPT_SANDBOXING = YES;
				GCC_C_LANGUAGE_STANDARD = gnu17;
				GCC_NO_COMMON_BLOCKS = YES;
				GCC_WARN_64_TO_32_BIT_CONVERSION = YES;
				GCC_WARN_ABOUT_RETURN_TYPE = YES_ERROR;
				GCC_WARN_UNDECLARED_SELECTOR = YES;
				GCC_WARN_UNINITIALIZED_AUTOS = YES_AGGRESSIVE;
				GCC_WARN_UNUSED_FUNCTION = YES;
				GCC_WARN_UNUSED_VARIABLE = YES;
				IPHONEOS_DEPLOYMENT_TARGET = 17.4;
				LOCALIZATION_PREFERS_STRING_CATALOGS = YES;
				MTL_ENABLE_DEBUG_INFO = NO;
				MTL_FAST_MATH = YES;
				SDKROOT = iphoneos;
				SWIFT_COMPILATION_MODE = wholemodule;
				VALIDATE_PRODUCT = YES;
			};
			name = Release;
		};
		41B0FAC92BC5EB9400263C8B /* Debug */ = {
			isa = XCBuildConfiguration;
			buildSettings = {
				ASSETCATALOG_COMPILER_APPICON_NAME = AppIcon;
				ASSETCATALOG_COMPILER_GLOBAL_ACCENT_COLOR_NAME = AccentColor;
				CODE_SIGN_STYLE = Automatic;
				CURRENT_PROJECT_VERSION = 1;
				DEVELOPMENT_ASSET_PATHS = "\"ImagesInCoreDataTutorial/Preview Content\"";
				DEVELOPMENT_TEAM = CWCBRR328H;
				ENABLE_PREVIEWS = YES;
				GENERATE_INFOPLIST_FILE = YES;
				INFOPLIST_KEY_UIApplicationSceneManifest_Generation = YES;
				INFOPLIST_KEY_UIApplicationSupportsIndirectInputEvents = YES;
				INFOPLIST_KEY_UILaunchScreen_Generation = YES;
				INFOPLIST_KEY_UISupportedInterfaceOrientations_iPad = "UIInterfaceOrientationPortrait UIInterfaceOrientationPortraitUpsideDown UIInterfaceOrientationLandscapeLeft UIInterfaceOrientationLandscapeRight";
				INFOPLIST_KEY_UISupportedInterfaceOrientations_iPhone = "UIInterfaceOrientationPortrait UIInterfaceOrientationLandscapeLeft UIInterfaceOrientationLandscapeRight";
				LD_RUNPATH_SEARCH_PATHS = (
					"$(inherited)",
					"@executable_path/Frameworks",
				);
				MARKETING_VERSION = 1.0;
				PRODUCT_BUNDLE_IDENTIFIER = BJ914.ImagesInCoreDataTutorial;
				PRODUCT_NAME = "$(TARGET_NAME)";
				SWIFT_EMIT_LOC_STRINGS = YES;
				SWIFT_VERSION = 5.0;
				TARGETED_DEVICE_FAMILY = "1,2";
			};
			name = Debug;
		};
		41B0FACA2BC5EB9400263C8B /* Release */ = {
			isa = XCBuildConfiguration;
			buildSettings = {
				ASSETCATALOG_COMPILER_APPICON_NAME = AppIcon;
				ASSETCATALOG_COMPILER_GLOBAL_ACCENT_COLOR_NAME = AccentColor;
				CODE_SIGN_STYLE = Automatic;
				CURRENT_PROJECT_VERSION = 1;
				DEVELOPMENT_ASSET_PATHS = "\"ImagesInCoreDataTutorial/Preview Content\"";
				DEVELOPMENT_TEAM = CWCBRR328H;
				ENABLE_PREVIEWS = YES;
				GENERATE_INFOPLIST_FILE = YES;
				INFOPLIST_KEY_UIApplicationSceneManifest_Generation = YES;
				INFOPLIST_KEY_UIApplicationSupportsIndirectInputEvents = YES;
				INFOPLIST_KEY_UILaunchScreen_Generation = YES;
				INFOPLIST_KEY_UISupportedInterfaceOrientations_iPad = "UIInterfaceOrientationPortrait UIInterfaceOrientationPortraitUpsideDown UIInterfaceOrientationLandscapeLeft UIInterfaceOrientationLandscapeRight";
				INFOPLIST_KEY_UISupportedInterfaceOrientations_iPhone = "UIInterfaceOrientationPortrait UIInterfaceOrientationLandscapeLeft UIInterfaceOrientationLandscapeRight";
				LD_RUNPATH_SEARCH_PATHS = (
					"$(inherited)",
					"@executable_path/Frameworks",
				);
				MARKETING_VERSION = 1.0;
				PRODUCT_BUNDLE_IDENTIFIER = BJ914.ImagesInCoreDataTutorial;
				PRODUCT_NAME = "$(TARGET_NAME)";
				SWIFT_EMIT_LOC_STRINGS = YES;
				SWIFT_VERSION = 5.0;
				TARGETED_DEVICE_FAMILY = "1,2";
			};
			name = Release;
		};
/* End XCBuildConfiguration section */

/* Begin XCConfigurationList section */
		41B0FAB52BC5EB9200263C8B /* Build configuration list for PBXProject "ImagesInCoreDataTutorial" */ = {
			isa = XCConfigurationList;
			buildConfigurations = (
				41B0FAC62BC5EB9400263C8B /* Debug */,
				41B0FAC72BC5EB9400263C8B /* Release */,
			);
			defaultConfigurationIsVisible = 0;
			defaultConfigurationName = Release;
		};
		41B0FAC82BC5EB9400263C8B /* Build configuration list for PBXNativeTarget "ImagesInCoreDataTutorial" */ = {
			isa = XCConfigurationList;
			buildConfigurations = (
				41B0FAC92BC5EB9400263C8B /* Debug */,
				41B0FACA2BC5EB9400263C8B /* Release */,
			);
			defaultConfigurationIsVisible = 0;
			defaultConfigurationName = Release;
		};
/* End XCConfigurationList section */

/* Begin XCVersionGroup section */
		41B0FACB2BC608C200263C8B /* ImagesDataModel.xcdatamodeld */ = {
			isa = XCVersionGroup;
			children = (
				41B0FACC2BC608C200263C8B /* ImagesDataModel.xcdatamodel */,
			);
			currentVersion = 41B0FACC2BC608C200263C8B /* ImagesDataModel.xcdatamodel */;
			path = ImagesDataModel.xcdatamodeld;
			sourceTree = "<group>";
			versionGroupType = wrapper.xcdatamodel;
		};
/* End XCVersionGroup section */
	};
	rootObject = 41B0FAB22BC5EB9200263C8B /* Project object */;
}
